
Microsoft Visual Studio Solution File, Format Version 12.00
# Visual Studio 2012
Project("{FAE04EC0-301F-11D3-BF4B-00C04F79EFBC}") = "NhibernateHelper", "NhibernateHelper\NhibernateHelper.csproj", "{32F8EB8F-BD9D-411A-B747-1C7E8DAAFD61}"
EndProject
Project("{FAE04EC0-301F-11D3-BF4B-00C04F79EFBC}") = "NHibernateHelper.Tests", "NHibernateHelper.Tests\NHibernateHelper.Tests.csproj", "{E327EF07-54E1-4E65-8A67-81354E1393BA}"
EndProject
Global
	GlobalSection(SolutionConfigurationPlatforms) = preSolution
		Debug|Any CPU = Debug|Any CPU
		Release|Any CPU = Release|Any CPU
	EndGlobalSection
	GlobalSection(ProjectConfigurationPlatforms) = postSolution
		{32F8EB8F-BD9D-411A-B747-1C7E8DAAFD61}.Debug|Any CPU.ActiveCfg = Debug|Any CPU
		{32F8EB8F-BD9D-411A-B747-1C7E8DAAFD61}.Debug|Any CPU.Build.0 = Debug|Any CPU
		{32F8EB8F-BD9D-411A-B747-1C7E8DAAFD61}.Release|Any CPU.ActiveCfg = Release|Any CPU
		{32F8EB8F-BD9D-411A-B747-1C7E8DAAFD61}.Release|Any CPU.Build.0 = Release|Any CPU
		{E327EF07-54E1-4E65-8A67-81354E1393BA}.Debug|Any CPU.ActiveCfg = Debug|Any CPU
		{E327EF07-54E1-4E65-8A67-81354E1393BA}.Debug|Any CPU.Build.0 = Debug|Any CPU
		{E327EF07-54E1-4E65-8A67-81354E1393BA}.Release|Any CPU.ActiveCfg = Release|Any CPU
		{E327EF07-54E1-4E65-8A67-81354E1393BA}.Release|Any CPU.Build.0 = Release|Any CPU
	EndGlobalSection
	GlobalSection(SolutionProperties) = preSolution
		HideSolutionNode = FALSE
	EndGlobalSection
EndGlobal
